
Microsoft Visual Studio Solution File, Format Version 12.00
# Visual Studio 15
VisualStudioVersion = 15.0.28307.136
MinimumVisualStudioVersion = 10.0.40219.1
Project("{FAE04EC0-301F-11D3-BF4B-00C04F79EFBC}") = "MetalArchivesLibraryDiffTool", "MetalArchivesLibrary\MetalArchivesLibraryDiffTool.csproj", "{F6351515-C63F-4DF8-97E8-B7D5E8FE949A}"
EndProject
Project("{FAE04EC0-301F-11D3-BF4B-00C04F79EFBC}") = "MetalArchivesLibraryDiffToolTests", "MetalArchivesLibraryDiffTests\MetalArchivesLibraryDiffToolTests.csproj", "{15C215FD-5D69-4E0B-86B5-6C517F2722AF}"
EndProject
Global
	GlobalSection(SolutionConfigurationPlatforms) = preSolution
		Debug|Any CPU = Debug|Any CPU
		Release|Any CPU = Release|Any CPU
	EndGlobalSection
	GlobalSection(ProjectConfigurationPlatforms) = postSolution
		{F6351515-C63F-4DF8-97E8-B7D5E8FE949A}.Debug|Any CPU.ActiveCfg = Debug|Any CPU
		{F6351515-C63F-4DF8-97E8-B7D5E8FE949A}.Debug|Any CPU.Build.0 = Debug|Any CPU
		{F6351515-C63F-4DF8-97E8-B7D5E8FE949A}.Release|Any CPU.ActiveCfg = Release|Any CPU
		{F6351515-C63F-4DF8-97E8-B7D5E8FE949A}.Release|Any CPU.Build.0 = Release|Any CPU
		{15C215FD-5D69-4E0B-86B5-6C517F2722AF}.Debug|Any CPU.ActiveCfg = Debug|Any CPU
		{15C215FD-5D69-4E0B-86B5-6C517F2722AF}.Debug|Any CPU.Build.0 = Debug|Any CPU
		{15C215FD-5D69-4E0B-86B5-6C517F2722AF}.Release|Any CPU.ActiveCfg = Release|Any CPU
		{15C215FD-5D69-4E0B-86B5-6C517F2722AF}.Release|Any CPU.Build.0 = Release|Any CPU
	EndGlobalSection
	GlobalSection(SolutionProperties) = preSolution
		HideSolutionNode = FALSE
	EndGlobalSection
	GlobalSection(ExtensibilityGlobals) = postSolution
		SolutionGuid = {7283CF9A-04B4-4322-828E-4899880ACFEF}
	EndGlobalSection
EndGlobal
